<?xml version="1.0" encoding="UTF-8"?>
<CodeBlocks_project_file>
	<FileVersion major="1" minor="6"/>
	<Project>
		<Option title="Project"/>
		<Option makefile_is_custom="1"/>
		<Option compiler="gcc"/>
		<Option virtualFolders="CMake Files\;CMake Files\..\;CMake Files\..\..\;CMake Files\..\..\..\;CMake Files\..\..\..\..\;CMake Files\..\..\..\..\..\;CMake Files\..\..\..\..\..\usr\;CMake Files\..\..\..\..\..\usr\lib\;CMake Files\..\..\..\..\..\usr\lib\cmake\;CMake Files\..\..\..\..\..\usr\lib\cmake\eigen3\;CMake Files\lib\;CMake Files\lib\glimac\;"/>
		<Build>
			<Target title="all">
				<Option working_dir="/home/piptouque/Documents/projets_gite/world_imaker"/>
				<Option type="4"/>
				<MakeCommands>
					<Build command="/usr/bin/make -f &quot;/home/piptouque/Documents/projets_gite/world_imaker/Makefile&quot;  VERBOSE=1 all"/>
					<CompileFile command="/usr/bin/make -f &quot;/home/piptouque/Documents/projets_gite/world_imaker/Makefile&quot;  VERBOSE=1 &quot;$file&quot;"/>
					<Clean command="/usr/bin/make -f &quot;/home/piptouque/Documents/projets_gite/world_imaker/Makefile&quot;  VERBOSE=1 clean"/>
					<DistClean command="/usr/bin/make -f &quot;/home/piptouque/Documents/projets_gite/world_imaker/Makefile&quot;  VERBOSE=1 clean"/>
				</MakeCommands>
			</Target>
			<Target title="rebuild_cache">
				<Option working_dir="/home/piptouque/Documents/projets_gite/world_imaker"/>
				<Option type="4"/>
				<MakeCommands>
					<Build command="/usr/bin/make -f &quot;/home/piptouque/Documents/projets_gite/world_imaker/Makefile&quot;  VERBOSE=1 rebuild_cache"/>
					<CompileFile command="/usr/bin/make -f &quot;/home/piptouque/Documents/projets_gite/world_imaker/Makefile&quot;  VERBOSE=1 &quot;$file&quot;"/>
					<Clean command="/usr/bin/make -f &quot;/home/piptouque/Documents/projets_gite/world_imaker/Makefile&quot;  VERBOSE=1 clean"/>
					<DistClean command="/usr/bin/make -f &quot;/home/piptouque/Documents/projets_gite/world_imaker/Makefile&quot;  VERBOSE=1 clean"/>
				</MakeCommands>
			</Target>
			<Target title="world_imaker">
				<Option output="/home/piptouque/Documents/projets_gite/world_imaker/build/bin/world_imaker" prefix_auto="0" extension_auto="0"/>
				<Option working_dir="./build/bin"/>
				<Option object_output="./"/>
				<Option type="1"/>
				<Option compiler="gcc"/>
				<Compiler>
					<Add directory="/usr/include/SDL"/>
					<Add directory="/usr/include/eigen3"/>
					<Add directory="/home/piptouque/Documents/projets_gite/world_imaker/./third-party/glm/include"/>
					<Add directory="/home/piptouque/Documents/projets_gite/world_imaker/./lib/glimac/include"/>
				</Compiler>
				<MakeCommands>
					<Build command="/usr/bin/make -f &quot;/home/piptouque/Documents/projets_gite/world_imaker/Makefile&quot;  VERBOSE=1 world_imaker"/>
					<CompileFile command="/usr/bin/make -f &quot;/home/piptouque/Documents/projets_gite/world_imaker/Makefile&quot;  VERBOSE=1 &quot;$file&quot;"/>
					<Clean command="/usr/bin/make -f &quot;/home/piptouque/Documents/projets_gite/world_imaker/Makefile&quot;  VERBOSE=1 clean"/>
					<DistClean command="/usr/bin/make -f &quot;/home/piptouque/Documents/projets_gite/world_imaker/Makefile&quot;  VERBOSE=1 clean"/>
				</MakeCommands>
			</Target>
			<Target title="world_imaker/fast">
				<Option output="/home/piptouque/Documents/projets_gite/world_imaker/build/bin/world_imaker" prefix_auto="0" extension_auto="0"/>
				<Option working_dir="./build/bin"/>
				<Option object_output="./"/>
				<Option type="1"/>
				<Option compiler="gcc"/>
				<Compiler>
					<Add directory="/usr/include/SDL"/>
					<Add directory="/usr/include/eigen3"/>
					<Add directory="/home/piptouque/Documents/projets_gite/world_imaker/./third-party/glm/include"/>
					<Add directory="/home/piptouque/Documents/projets_gite/world_imaker/./lib/glimac/include"/>
				</Compiler>
				<MakeCommands>
					<Build command="/usr/bin/make -f &quot;/home/piptouque/Documents/projets_gite/world_imaker/Makefile&quot;  VERBOSE=1 world_imaker/fast"/>
					<CompileFile command="/usr/bin/make -f &quot;/home/piptouque/Documents/projets_gite/world_imaker/Makefile&quot;  VERBOSE=1 &quot;$file&quot;"/>
					<Clean command="/usr/bin/make -f &quot;/home/piptouque/Documents/projets_gite/world_imaker/Makefile&quot;  VERBOSE=1 clean"/>
					<DistClean command="/usr/bin/make -f &quot;/home/piptouque/Documents/projets_gite/world_imaker/Makefile&quot;  VERBOSE=1 clean"/>
				</MakeCommands>
			</Target>
			<Target title="edit_cache">
				<Option working_dir="/home/piptouque/Documents/projets_gite/world_imaker"/>
				<Option type="4"/>
				<MakeCommands>
					<Build command="/usr/bin/make -f &quot;/home/piptouque/Documents/projets_gite/world_imaker/Makefile&quot;  VERBOSE=1 edit_cache"/>
					<CompileFile command="/usr/bin/make -f &quot;/home/piptouque/Documents/projets_gite/world_imaker/Makefile&quot;  VERBOSE=1 &quot;$file&quot;"/>
					<Clean command="/usr/bin/make -f &quot;/home/piptouque/Documents/projets_gite/world_imaker/Makefile&quot;  VERBOSE=1 clean"/>
					<DistClean command="/usr/bin/make -f &quot;/home/piptouque/Documents/projets_gite/world_imaker/Makefile&quot;  VERBOSE=1 clean"/>
				</MakeCommands>
			</Target>
			<Target title="glimac">
				<Option output="/home/piptouque/Documents/projets_gite/world_imaker/ ./third-party/glm/libglimac.a" prefix_auto="0" extension_auto="0"/>
				<Option working_dir="/home/piptouque/Documents/projets_gite/world_imaker/ ./third-party/glm"/>
				<Option object_output="./"/>
				<Option type="2"/>
				<Option compiler="gcc"/>
				<Compiler>
					<Add directory="/usr/include/SDL"/>
					<Add directory="/usr/include/eigen3"/>
					<Add directory="/home/piptouque/Documents/projets_gite/world_imaker/./third-party/glm/include"/>
					<Add directory="/home/piptouque/Documents/projets_gite/world_imaker/./lib/glimac/include"/>
					<Add directory="/home/piptouque/Documents/projets_gite/world_imaker/lib/glimac/include"/>
				</Compiler>
				<MakeCommands>
					<Build command="/usr/bin/make -f &quot;/home/piptouque/Documents/projets_gite/world_imaker/\ ./third-party/glm/Makefile&quot;  VERBOSE=1 glimac"/>
					<CompileFile command="/usr/bin/make -f &quot;/home/piptouque/Documents/projets_gite/world_imaker/\ ./third-party/glm/Makefile&quot;  VERBOSE=1 &quot;$file&quot;"/>
					<Clean command="/usr/bin/make -f &quot;/home/piptouque/Documents/projets_gite/world_imaker/\ ./third-party/glm/Makefile&quot;  VERBOSE=1 clean"/>
					<DistClean command="/usr/bin/make -f &quot;/home/piptouque/Documents/projets_gite/world_imaker/\ ./third-party/glm/Makefile&quot;  VERBOSE=1 clean"/>
				</MakeCommands>
			</Target>
			<Target title="glimac/fast">
				<Option output="/home/piptouque/Documents/projets_gite/world_imaker/ ./third-party/glm/libglimac.a" prefix_auto="0" extension_auto="0"/>
				<Option working_dir="/home/piptouque/Documents/projets_gite/world_imaker/ ./third-party/glm"/>
				<Option object_output="./"/>
				<Option type="2"/>
				<Option compiler="gcc"/>
				<Compiler>
					<Add directory="/usr/include/SDL"/>
					<Add directory="/usr/include/eigen3"/>
					<Add directory="/home/piptouque/Documents/projets_gite/world_imaker/./third-party/glm/include"/>
					<Add directory="/home/piptouque/Documents/projets_gite/world_imaker/./lib/glimac/include"/>
					<Add directory="/home/piptouque/Documents/projets_gite/world_imaker/lib/glimac/include"/>
				</Compiler>
				<MakeCommands>
					<Build command="/usr/bin/make -f &quot;/home/piptouque/Documents/projets_gite/world_imaker/\ ./third-party/glm/Makefile&quot;  VERBOSE=1 glimac/fast"/>
					<CompileFile command="/usr/bin/make -f &quot;/home/piptouque/Documents/projets_gite/world_imaker/\ ./third-party/glm/Makefile&quot;  VERBOSE=1 &quot;$file&quot;"/>
					<Clean command="/usr/bin/make -f &quot;/home/piptouque/Documents/projets_gite/world_imaker/\ ./third-party/glm/Makefile&quot;  VERBOSE=1 clean"/>
					<DistClean command="/usr/bin/make -f &quot;/home/piptouque/Documents/projets_gite/world_imaker/\ ./third-party/glm/Makefile&quot;  VERBOSE=1 clean"/>
				</MakeCommands>
			</Target>
		</Build>
		<Unit filename="/home/piptouque/Documents/projets_gite/world_imaker/lib/glimac/include/glimac/BBox.hpp">
			<Option target="glimac"/>
		</Unit>
		<Unit filename="/home/piptouque/Documents/projets_gite/world_imaker/lib/glimac/include/glimac/Cone.hpp">
			<Option target="glimac"/>
		</Unit>
		<Unit filename="/home/piptouque/Documents/projets_gite/world_imaker/lib/glimac/include/glimac/FilePath.hpp">
			<Option target="glimac"/>
		</Unit>
		<Unit filename="/home/piptouque/Documents/projets_gite/world_imaker/lib/glimac/include/glimac/FreeflyCamera.hpp">
			<Option target="glimac"/>
		</Unit>
		<Unit filename="/home/piptouque/Documents/projets_gite/world_imaker/lib/glimac/include/glimac/GenericCamera.hpp">
			<Option target="glimac"/>
		</Unit>
		<Unit filename="/home/piptouque/Documents/projets_gite/world_imaker/lib/glimac/include/glimac/Geometry.hpp">
			<Option target="glimac"/>
		</Unit>
		<Unit filename="/home/piptouque/Documents/projets_gite/world_imaker/lib/glimac/include/glimac/Image.hpp">
			<Option target="glimac"/>
		</Unit>
		<Unit filename="/home/piptouque/Documents/projets_gite/world_imaker/lib/glimac/include/glimac/Program.hpp">
			<Option target="glimac"/>
		</Unit>
		<Unit filename="/home/piptouque/Documents/projets_gite/world_imaker/lib/glimac/include/glimac/SDLWindowManager.hpp">
			<Option target="glimac"/>
		</Unit>
		<Unit filename="/home/piptouque/Documents/projets_gite/world_imaker/lib/glimac/include/glimac/Shader.hpp">
			<Option target="glimac"/>
		</Unit>
		<Unit filename="/home/piptouque/Documents/projets_gite/world_imaker/lib/glimac/include/glimac/Sphere.hpp">
			<Option target="glimac"/>
		</Unit>
		<Unit filename="/home/piptouque/Documents/projets_gite/world_imaker/lib/glimac/include/glimac/TrackballCamera.hpp">
			<Option target="glimac"/>
		</Unit>
		<Unit filename="/home/piptouque/Documents/projets_gite/world_imaker/lib/glimac/include/glimac/common.hpp">
			<Option target="glimac"/>
		</Unit>
		<Unit filename="/home/piptouque/Documents/projets_gite/world_imaker/lib/glimac/include/glimac/glm.hpp">
			<Option target="glimac"/>
		</Unit>
		<Unit filename="/home/piptouque/Documents/projets_gite/world_imaker/lib/glimac/src/Cone.cpp">
			<Option target="glimac"/>
		</Unit>
		<Unit filename="/home/piptouque/Documents/projets_gite/world_imaker/lib/glimac/src/FreeflyCamera.cpp">
			<Option target="glimac"/>
		</Unit>
		<Unit filename="/home/piptouque/Documents/projets_gite/world_imaker/lib/glimac/src/Geometry.cpp">
			<Option target="glimac"/>
		</Unit>
		<Unit filename="/home/piptouque/Documents/projets_gite/world_imaker/lib/glimac/src/Image.cpp">
			<Option target="glimac"/>
		</Unit>
		<Unit filename="/home/piptouque/Documents/projets_gite/world_imaker/lib/glimac/src/Program.cpp">
			<Option target="glimac"/>
		</Unit>
		<Unit filename="/home/piptouque/Documents/projets_gite/world_imaker/lib/glimac/src/SDLWindowManager.cpp">
			<Option target="glimac"/>
		</Unit>
		<Unit filename="/home/piptouque/Documents/projets_gite/world_imaker/lib/glimac/src/Shader.cpp">
			<Option target="glimac"/>
		</Unit>
		<Unit filename="/home/piptouque/Documents/projets_gite/world_imaker/lib/glimac/src/Sphere.cpp">
			<Option target="glimac"/>
		</Unit>
		<Unit filename="/home/piptouque/Documents/projets_gite/world_imaker/lib/glimac/src/TrackballCamera.cpp">
			<Option target="glimac"/>
		</Unit>
		<Unit filename="/home/piptouque/Documents/projets_gite/world_imaker/lib/glimac/src/tiny_obj_loader.cpp">
			<Option target="glimac"/>
		</Unit>
		<Unit filename="/home/piptouque/Documents/projets_gite/world_imaker/lib/glimac/src/tiny_obj_loader.h">
			<Option target="glimac"/>
		</Unit>
		<Unit filename="/home/piptouque/Documents/projets_gite/world_imaker/main.cpp">
			<Option target="world_imaker"/>
		</Unit>
		<Unit filename="/home/piptouque/Documents/projets_gite/world_imaker/src/wim/include/Colour.hpp">
			<Option target="world_imaker"/>
		</Unit>
		<Unit filename="/home/piptouque/Documents/projets_gite/world_imaker/src/wim/include/Cube.hpp">
			<Option target="world_imaker"/>
		</Unit>
		<Unit filename="/home/piptouque/Documents/projets_gite/world_imaker/src/wim/include/CubeStack.hpp">
			<Option target="world_imaker"/>
		</Unit>
		<Unit filename="/home/piptouque/Documents/projets_gite/world_imaker/src/wim/include/Displayable.hpp">
			<Option target="world_imaker"/>
		</Unit>
		<Unit filename="/home/piptouque/Documents/projets_gite/world_imaker/src/wim/include/Point3D.hpp">
			<Option target="world_imaker"/>
		</Unit>
		<Unit filename="/home/piptouque/Documents/projets_gite/world_imaker/src/wim/src/Colour.cpp">
			<Option target="world_imaker"/>
		</Unit>
		<Unit filename="/home/piptouque/Documents/projets_gite/world_imaker/src/wim/src/Cube.cpp">
			<Option target="world_imaker"/>
		</Unit>
		<Unit filename="/home/piptouque/Documents/projets_gite/world_imaker/src/wim/src/CubeStack.cpp">
			<Option target="world_imaker"/>
		</Unit>
		<Unit filename="/home/piptouque/Documents/projets_gite/world_imaker/src/wim/src/Point3D.cpp">
			<Option target="world_imaker"/>
		</Unit>
		<Unit filename="/home/piptouque/Documents/projets_gite/world_imaker/CMakeLists.txt">
			<Option virtualFolder="CMake Files\"/>
		</Unit>
		<Unit filename="/home/piptouque/Documents/projets_gite/world_imaker/../../../../../usr/lib/cmake/eigen3/Eigen3Config.cmake">
			<Option virtualFolder="CMake Files\..\..\..\..\..\usr\lib\cmake\eigen3\"/>
		</Unit>
		<Unit filename="/home/piptouque/Documents/projets_gite/world_imaker/../../../../../usr/lib/cmake/eigen3/Eigen3ConfigVersion.cmake">
			<Option virtualFolder="CMake Files\..\..\..\..\..\usr\lib\cmake\eigen3\"/>
		</Unit>
		<Unit filename="/home/piptouque/Documents/projets_gite/world_imaker/../../../../../usr/lib/cmake/eigen3/Eigen3Targets.cmake">
			<Option virtualFolder="CMake Files\..\..\..\..\..\usr\lib\cmake\eigen3\"/>
		</Unit>
		<Unit filename="/home/piptouque/Documents/projets_gite/world_imaker/lib/glimac/CMakeLists.txt">
			<Option virtualFolder="CMake Files\lib\glimac\"/>
		</Unit>
	</Project>
</CodeBlocks_project_file>
